
Microsoft Visual Studio Solution File, Format Version 12.00
# Visual Studio 14
VisualStudioVersion = 14.0.24720.0
MinimumVisualStudioVersion = 10.0.40219.1
Project("{FAE04EC0-301F-11D3-BF4B-00C04F79EFBC}") = "ftp_client_1", "ftp_client_1\ftp_client_1.csproj", "{A1C656FF-7D2C-4BE7-916F-217A0776F372}"
EndProject
Global
	GlobalSection(SolutionConfigurationPlatforms) = preSolution
		Debug|Any CPU = Debug|Any CPU
		Release|Any CPU = Release|Any CPU
	EndGlobalSection
	GlobalSection(ProjectConfigurationPlatforms) = postSolution
		{A1C656FF-7D2C-4BE7-916F-217A0776F372}.Debug|Any CPU.ActiveCfg = Debug|Any CPU
		{A1C656FF-7D2C-4BE7-916F-217A0776F372}.Debug|Any CPU.Build.0 = Debug|Any CPU
		{A1C656FF-7D2C-4BE7-916F-217A0776F372}.Release|Any CPU.ActiveCfg = Release|Any CPU
		{A1C656FF-7D2C-4BE7-916F-217A0776F372}.Release|Any CPU.Build.0 = Release|Any CPU
	EndGlobalSection
	GlobalSection(SolutionProperties) = preSolution
		HideSolutionNode = FALSE
	EndGlobalSection
EndGlobal
